{
  "nodes": {
    "dotfiles": {
      "flake": false,
      "locked": {
        "lastModified": 1786422613,
        "narHash": "sha256-i6ylXxFxrOhvnerCwBd/P4EH83S2ecLLlVeWYnTEbh8=",
        "owner": "namalkanti",
        "repo": "dotfiles",
        "rev": "f47d17e117a5bbc3a4d1ee1692a0325a1b4b20e1",
        "type": "github"
      },
      "original": {
        "owner": "namalkanti",
        "repo": "dotfiles",
        "type": "github"
      }
    },
    "nixpkgs": {
      "locked": {
        "lastModified": 1786430034,
        "narHash": "sha256-Vux08kA5PICwS2sViCMfwVLAHNoH8TkKAeBo25LjpMI=",
        "owner": "NixOS",
        "repo": "nixpkgs",
        "rev": "70cc4559b10a6062b05ff1af17e0add065ccaed9",
        "type": "github"
      },
      "original": {
        "owner": "NixOS",
        "ref": "nixos-26.05",
        "repo": "nixpkgs",
        "type": "github"
      }
    },
    "root": {
      "inputs": {
        "dotfiles": "dotfiles",
        "nixpkgs": "nixpkgs"
      }
    }
  },
  "root": "root",
  "version": 7
}
